
Microsoft Visual Studio Solution File, Format Version 12.00
# Visual Studio Version 16
VisualStudioVersion = 16.0.31729.503
MinimumVisualStudioVersion = 10.0.40219.1
Project("{FAE04EC0-301F-11D3-BF4B-00C04F79EFBC}") = "bai4", "bai4\bai4.csproj", "{D1E12788-0962-4F3B-BAD1-1ADA5F2CEF9E}"
EndProject
Global
	GlobalSection(SolutionConfigurationPlatforms) = preSolution
		Debug|Any CPU = Debug|Any CPU
		Release|Any CPU = Release|Any CPU
	EndGlobalSection
	GlobalSection(ProjectConfigurationPlatforms) = postSolution
		{D1E12788-0962-4F3B-BAD1-1ADA5F2CEF9E}.Debug|Any CPU.ActiveCfg = Debug|Any CPU
		{D1E12788-0962-4F3B-BAD1-1ADA5F2CEF9E}.Debug|Any CPU.Build.0 = Debug|Any CPU
		{D1E12788-0962-4F3B-BAD1-1ADA5F2CEF9E}.Release|Any CPU.ActiveCfg = Release|Any CPU
		{D1E12788-0962-4F3B-BAD1-1ADA5F2CEF9E}.Release|Any CPU.Build.0 = Release|Any CPU
	EndGlobalSection
	GlobalSection(SolutionProperties) = preSolution
		HideSolutionNode = FALSE
	EndGlobalSection
	GlobalSection(ExtensibilityGlobals) = postSolution
		SolutionGuid = {DF42288A-460A-49DC-A027-D5DF05875462}
	EndGlobalSection
EndGlobal
